
Microsoft Visual Studio Solution File, Format Version 12.00
# Visual Studio Version 17
VisualStudioVersion = 17.14.36414.22 d17.14
MinimumVisualStudioVersion = 10.0.40219.1
Project("{FAE04EC0-301F-11D3-BF4B-00C04F79EFBC}") = "AGWalks.API", "AGWalks.API\AGWalks.API.csproj", "{919291C6-2055-4D5D-8D2A-0B4F410E7044}"
EndProject
Global
	GlobalSection(SolutionConfigurationPlatforms) = preSolution
		Debug|Any CPU = Debug|Any CPU
		Release|Any CPU = Release|Any CPU
	EndGlobalSection
	GlobalSection(ProjectConfigurationPlatforms) = postSolution
		{919291C6-2055-4D5D-8D2A-0B4F410E7044}.Debug|Any CPU.ActiveCfg = Debug|Any CPU
		{919291C6-2055-4D5D-8D2A-0B4F410E7044}.Debug|Any CPU.Build.0 = Debug|Any CPU
		{919291C6-2055-4D5D-8D2A-0B4F410E7044}.Release|Any CPU.ActiveCfg = Release|Any CPU
		{919291C6-2055-4D5D-8D2A-0B4F410E7044}.Release|Any CPU.Build.0 = Release|Any CPU
	EndGlobalSection
	GlobalSection(SolutionProperties) = preSolution
		HideSolutionNode = FALSE
	EndGlobalSection
	GlobalSection(ExtensibilityGlobals) = postSolution
		SolutionGuid = {4AFEFBE9-AFB1-4DE7-B6BA-9120C8A89647}
	EndGlobalSection
EndGlobal
